// !$*UTF8*$!
{
	archiveVersion = 1;
	classes = {
	};
	objectVersion = 46;
	objects = {

/* Begin PBXBuildFile section */
		C48382EB183DC98C00386899 /* Foundation.framework in Frameworks */ = {isa = PBXBuildFile; fileRef = C48382EA183DC98C00386899 /* Foundation.framework */; };
		C48382ED183DC98C00386899 /* CoreGraphics.framework in Frameworks */ = {isa = PBXBuildFile; fileRef = C48382EC183DC98C00386899 /* CoreGraphics.framework */; };
		C48382EF183DC98C00386899 /* UIKit.framework in Frameworks */ = {isa = PBXBuildFile; fileRef = C48382EE183DC98C00386899 /* UIKit.framework */; };
		C48382F5183DC98C00386899 /* InfoPlist.strings in Resources */ = {isa = PBXBuildFile; fileRef = C48382F3183DC98C00386899 /* InfoPlist.strings */; };
		C48382F7183DC98C00386899 /* main.m in Sources */ = {isa = PBXBuildFile; fileRef = C48382F6183DC98C00386899 /* main.m */; };
		C48382FB183DC98C00386899 /* StoryboardTutorialAppDelegate.m in Sources */ = {isa = PBXBuildFile; fileRef = C48382FA183DC98C00386899 /* StoryboardTutorialAppDelegate.m */; };
		C48382FE183DC98C00386899 /* Main.storyboard in Resources */ = {isa = PBXBuildFile; fileRef = C48382FC183DC98C00386899 /* Main.storyboard */; };
		C4838301183DC98C00386899 /* StoryboardTutorialViewController.m in Sources */ = {isa = PBXBuildFile; fileRef = C4838300183DC98C00386899 /* StoryboardTutorialViewController.m */; };
		C4838303183DC98C00386899 /* Images.xcassets in Resources */ = {isa = PBXBuildFile; fileRef = C4838302183DC98C00386899 /* Images.xcassets */; };
		C483830A183DC98C00386899 /* XCTest.framework in Frameworks */ = {isa = PBXBuildFile; fileRef = C4838309183DC98C00386899 /* XCTest.framework */; };
		C483830B183DC98C00386899 /* Foundation.framework in Frameworks */ = {isa = PBXBuildFile; fileRef = C48382EA183DC98C00386899 /* Foundation.framework */; };
		C483830C183DC98C00386899 /* UIKit.framework in Frameworks */ = {isa = PBXBuildFile; fileRef = C48382EE183DC98C00386899 /* UIKit.framework */; };
		C4838314183DC98C00386899 /* InfoPlist.strings in Resources */ = {isa = PBXBuildFile; fileRef = C4838312183DC98C00386899 /* InfoPlist.strings */; };
		C4838316183DC98C00386899 /* StoryboardTutorialTests.m in Sources */ = {isa = PBXBuildFile; fileRef = C4838315183DC98C00386899 /* StoryboardTutorialTests.m */; };
		C4838322183DD05400386899 /* StoryboardTutorialViewController2.m in Sources */ = {isa = PBXBuildFile; fileRef = C4838320183DD05400386899 /* StoryboardTutorialViewController2.m */; };
		C4838323183DD05400386899 /* StoryboardTutorialViewController2.xib in Resources */ = {isa = PBXBuildFile; fileRef = C4838321183DD05400386899 /* StoryboardTutorialViewController2.xib */; };
/* End PBXBuildFile section */

/* Begin PBXContainerItemProxy section */
		C483830D183DC98C00386899 /* PBXContainerItemProxy */ = {
			isa = PBXContainerItemProxy;
			containerPortal = C48382DF183DC98C00386899 /* Project object */;
			proxyType = 1;
			remoteGlobalIDString = C48382E6183DC98C00386899;
			remoteInfo = StoryboardTutorial;
		};
/* End PBXContainerItemProxy section */

/* Begin PBXFileReference section */
		C48382E7183DC98C00386899 /* StoryboardTutorial.app */ = {isa = PBXFileReference; explicitFileType = wrapper.application; includeInIndex = 0; path = StoryboardTutorial.app; sourceTree = BUILT_PRODUCTS_DIR; };
		C48382EA183DC98C00386899 /* Foundation.framework */ = {isa = PBXFileReference; lastKnownFileType = wrapper.framework; name = Foundation.framework; path = System/Library/Frameworks/Foundation.framework; sourceTree = SDKROOT; };
		C48382EC183DC98C00386899 /* CoreGraphics.framework */ = {isa = PBXFileReference; lastKnownFileType = wrapper.framework; name = CoreGraphics.framework; path = System/Library/Frameworks/CoreGraphics.framework; sourceTree = SDKROOT; };
		C48382EE183DC98C00386899 /* UIKit.framework */ = {isa = PBXFileReference; lastKnownFileType = wrapper.framework; name = UIKit.framework; path = System/Library/Frameworks/UIKit.framework; sourceTree = SDKROOT; };
		C48382F2183DC98C00386899 /* StoryboardTutorial-Info.plist */ = {isa = PBXFileReference; lastKnownFileType = text.plist.xml; path = "StoryboardTutorial-Info.plist"; sourceTree = "<group>"; };
		C48382F4183DC98C00386899 /* en */ = {isa = PBXFileReference; lastKnownFileType = text.plist.strings; name = en; path = en.lproj/InfoPlist.strings; sourceTree = "<group>"; };
		C48382F6183DC98C00386899 /* main.m */ = {isa = PBXFileReference; lastKnownFileType = sourcecode.c.objc; path = main.m; sourceTree = "<group>"; };
		C48382F8183DC98C00386899 /* StoryboardTutorial-Prefix.pch */ = {isa = PBXFileReference; lastKnownFileType = sourcecode.c.h; path = "StoryboardTutorial-Prefix.pch"; sourceTree = "<group>"; };
		C48382F9183DC98C00386899 /* StoryboardTutorialAppDelegate.h */ = {isa = PBXFileReference; lastKnownFileType = sourcecode.c.h; path = StoryboardTutorialAppDelegate.h; sourceTree = "<group>"; };
		C48382FA183DC98C00386899 /* StoryboardTutorialAppDelegate.m */ = {isa = PBXFileReference; lastKnownFileType = sourcecode.c.objc; path = StoryboardTutorialAppDelegate.m; sourceTree = "<group>"; };
		C48382FD183DC98C00386899 /* Base */ = {isa = PBXFileReference; lastKnownFileType = file.storyboard; name = Base; path = Base.lproj/Main.storyboard; sourceTree = "<group>"; };
		C48382FF183DC98C00386899 /* StoryboardTutorialViewController.h */ = {isa = PBXFileReference; lastKnownFileType = sourcecode.c.h; path = StoryboardTutorialViewController.h; sourceTree = "<group>"; };
		C4838300183DC98C00386899 /* StoryboardTutorialViewController.m */ = {isa = PBXFileReference; lastKnownFileType = sourcecode.c.objc; path = StoryboardTutorialViewController.m; sourceTree = "<group>"; };
		C4838302183DC98C00386899 /* Images.xcassets */ = {isa = PBXFileReference; lastKnownFileType = folder.assetcatalog; path = Images.xcassets; sourceTree = "<group>"; };
		C4838308183DC98C00386899 /* StoryboardTutorialTests.xctest */ = {isa = PBXFileReference; explicitFileType = wrapper.cfbundle; includeInIndex = 0; path = StoryboardTutorialTests.xctest; sourceTree = BUILT_PRODUCTS_DIR; };
		C4838309183DC98C00386899 /* XCTest.framework */ = {isa = PBXFileReference; lastKnownFileType = wrapper.framework; name = XCTest.framework; path = Library/Frameworks/XCTest.framework; sourceTree = DEVELOPER_DIR; };
		C4838311183DC98C00386899 /* StoryboardTutorialTests-Info.plist */ = {isa = PBXFileReference; lastKnownFileType = text.plist.xml; path = "StoryboardTutorialTests-Info.plist"; sourceTree = "<group>"; };
		C4838313183DC98C00386899 /* en */ = {isa = PBXFileReference; lastKnownFileType = text.plist.strings; name = en; path = en.lproj/InfoPlist.strings; sourceTree = "<group>"; };
		C4838315183DC98C00386899 /* StoryboardTutorialTests.m */ = {isa = PBXFileReference; lastKnownFileType = sourcecode.c.objc; path = StoryboardTutorialTests.m; sourceTree = "<group>"; };
		C483831F183DD05400386899 /* StoryboardTutorialViewController2.h */ = {isa = PBXFileReference; fileEncoding = 4; lastKnownFileType = sourcecode.c.h; path = StoryboardTutorialViewController2.h; sourceTree = "<group>"; };
		C4838320183DD05400386899 /* StoryboardTutorialViewController2.m */ = {isa = PBXFileReference; fileEncoding = 4; lastKnownFileType = sourcecode.c.objc; path = StoryboardTutorialViewController2.m; sourceTree = "<group>"; };
		C4838321183DD05400386899 /* StoryboardTutorialViewController2.xib */ = {isa = PBXFileReference; fileEncoding = 4; lastKnownFileType = file.xib; path = StoryboardTutorialViewController2.xib; sourceTree = "<group>"; };
/* End PBXFileReference section */

/* Begin PBXFrameworksBuildPhase section */
		C48382E4183DC98C00386899 /* Frameworks */ = {
			isa = PBXFrameworksBuildPhase;
			buildActionMask = 2147483647;
			files = (
				C48382ED183DC98C00386899 /* CoreGraphics.framework in Frameworks */,
				C48382EF183DC98C00386899 /* UIKit.framework in Frameworks */,
				C48382EB183DC98C00386899 /* Foundation.framework in Frameworks */,
			);
			runOnlyForDeploymentPostprocessing = 0;
		};
		C4838305183DC98C00386899 /* Frameworks */ = {
			isa = PBXFrameworksBuildPhase;
			buildActionMask = 2147483647;
			files = (
				C483830A183DC98C00386899 /* XCTest.framework in Frameworks */,
				C483830C183DC98C00386899 /* UIKit.framework in Frameworks */,
				C483830B183DC98C00386899 /* Foundation.framework in Frameworks */,
			);
			runOnlyForDeploymentPostprocessing = 0;
		};
/* End PBXFrameworksBuildPhase section */

/* Begin PBXGroup section */
		C48382DE183DC98C00386899 = {
			isa = PBXGroup;
			children = (
				C48382F0183DC98C00386899 /* StoryboardTutorial */,
				C483830F183DC98C00386899 /* StoryboardTutorialTests */,
				C48382E9183DC98C00386899 /* Frameworks */,
				C48382E8183DC98C00386899 /* Products */,
			);
			sourceTree = "<group>";
		};
		C48382E8183DC98C00386899 /* Products */ = {
			isa = PBXGroup;
			children = (
				C48382E7183DC98C00386899 /* StoryboardTutorial.app */,
				C4838308183DC98C00386899 /* StoryboardTutorialTests.xctest */,
			);
			name = Products;
			sourceTree = "<group>";
		};
		C48382E9183DC98C00386899 /* Frameworks */ = {
			isa = PBXGroup;
			children = (
				C48382EA183DC98C00386899 /* Foundation.framework */,
				C48382EC183DC98C00386899 /* CoreGraphics.framework */,
				C48382EE183DC98C00386899 /* UIKit.framework */,
				C4838309183DC98C00386899 /* XCTest.framework */,
			);
			name = Frameworks;
			sourceTree = "<group>";
		};
		C48382F0183DC98C00386899 /* StoryboardTutorial */ = {
			isa = PBXGroup;
			children = (
				C48382F9183DC98C00386899 /* StoryboardTutorialAppDelegate.h */,
				C48382FA183DC98C00386899 /* StoryboardTutorialAppDelegate.m */,
				C48382FC183DC98C00386899 /* Main.storyboard */,
				C483831F183DD05400386899 /* StoryboardTutorialViewController2.h */,
				C4838320183DD05400386899 /* StoryboardTutorialViewController2.m */,
				C4838321183DD05400386899 /* StoryboardTutorialViewController2.xib */,
				C48382FF183DC98C00386899 /* StoryboardTutorialViewController.h */,
				C4838300183DC98C00386899 /* StoryboardTutorialViewController.m */,
				C4838302183DC98C00386899 /* Images.xcassets */,
				C48382F1183DC98C00386899 /* Supporting Files */,
			);
			path = StoryboardTutorial;
			sourceTree = "<group>";
		};
		C48382F1183DC98C00386899 /* Supporting Files */ = {
			isa = PBXGroup;
			children = (
				C48382F2183DC98C00386899 /* StoryboardTutorial-Info.plist */,
				C48382F3183DC98C00386899 /* InfoPlist.strings */,
				C48382F6183DC98C00386899 /* main.m */,
				C48382F8183DC98C00386899 /* StoryboardTutorial-Prefix.pch */,
			);
			name = "Supporting Files";
			sourceTree = "<group>";
		};
		C483830F183DC98C00386899 /* StoryboardTutorialTests */ = {
			isa = PBXGroup;
			children = (
				C4838315183DC98C00386899 /* StoryboardTutorialTests.m */,
				C4838310183DC98C00386899 /* Supporting Files */,
			);
			path = StoryboardTutorialTests;
			sourceTree = "<group>";
		};
		C4838310183DC98C00386899 /* Supporting Files */ = {
			isa = PBXGroup;
			children = (
				C4838311183DC98C00386899 /* StoryboardTutorialTests-Info.plist */,
				C4838312183DC98C00386899 /* InfoPlist.strings */,
			);
			name = "Supporting Files";
			sourceTree = "<group>";
		};
/* End PBXGroup section */

/* Begin PBXNativeTarget section */
		C48382E6183DC98C00386899 /* StoryboardTutorial */ = {
			isa = PBXNativeTarget;
			buildConfigurationList = C4838319183DC98C00386899 /* Build configuration list for PBXNativeTarget "StoryboardTutorial" */;
			buildPhases = (
				C48382E3183DC98C00386899 /* Sources */,
				C48382E4183DC98C00386899 /* Frameworks */,
				C48382E5183DC98C00386899 /* Resources */,
			);
			buildRules = (
			);
			dependencies = (
			);
			name = StoryboardTutorial;
			productName = StoryboardTutorial;
			productReference = C48382E7183DC98C00386899 /* StoryboardTutorial.app */;
			productType = "com.apple.product-type.application";
		};
		C4838307183DC98C00386899 /* StoryboardTutorialTests */ = {
			isa = PBXNativeTarget;
			buildConfigurationList = C483831C183DC98C00386899 /* Build configuration list for PBXNativeTarget "StoryboardTutorialTests" */;
			buildPhases = (
				C4838304183DC98C00386899 /* Sources */,
				C4838305183DC98C00386899 /* Frameworks */,
				C4838306183DC98C00386899 /* Resources */,
			);
			buildRules = (
			);
			dependencies = (
				C483830E183DC98C00386899 /* PBXTargetDependency */,
			);
			name = StoryboardTutorialTests;
			productName = StoryboardTutorialTests;
			productReference = C4838308183DC98C00386899 /* StoryboardTutorialTests.xctest */;
			productType = "com.apple.product-type.bundle.unit-test";
		};
/* End PBXNativeTarget section */

/* Begin PBXProject section */
		C48382DF183DC98C00386899 /* Project object */ = {
			isa = PBXProject;
			attributes = {
				CLASSPREFIX = StoryboardTutorial;
				LastUpgradeCheck = 0500;
				ORGANIZATIONNAME = "Bob Roberts";
				TargetAttributes = {
					C4838307183DC98C00386899 = {
						TestTargetID = C48382E6183DC98C00386899;
					};
				};
			};
			buildConfigurationList = C48382E2183DC98C00386899 /* Build configuration list for PBXProject "StoryboardTutorial" */;
			compatibilityVersion = "Xcode 3.2";
			developmentRegion = English;
			hasScannedForEncodings = 0;
			knownRegions = (
				en,
				Base,
			);
			mainGroup = C48382DE183DC98C00386899;
			productRefGroup = C48382E8183DC98C00386899 /* Products */;
			projectDirPath = "";
			projectRoot = "";
			targets = (
				C48382E6183DC98C00386899 /* StoryboardTutorial */,
				C4838307183DC98C00386899 /* StoryboardTutorialTests */,
			);
		};
/* End PBXProject section */

/* Begin PBXResourcesBuildPhase section */
		C48382E5183DC98C00386899 /* Resources */ = {
			isa = PBXResourcesBuildPhase;
			buildActionMask = 2147483647;
			files = (
				C4838323183DD05400386899 /* StoryboardTutorialViewController2.xib in Resources */,
				C4838303183DC98C00386899 /* Images.xcassets in Resources */,
				C48382F5183DC98C00386899 /* InfoPlist.strings in Resources */,
				C48382FE183DC98C00386899 /* Main.storyboard in Resources */,
			);
			runOnlyForDeploymentPostprocessing = 0;
		};
		C4838306183DC98C00386899 /* Resources */ = {
			isa = PBXResourcesBuildPhase;
			buildActionMask = 2147483647;
			files = (
				C4838314183DC98C00386899 /* InfoPlist.strings in Resources */,
			);
			runOnlyForDeploymentPostprocessing = 0;
		};
/* End PBXResourcesBuildPhase section */

/* Begin PBXSourcesBuildPhase section */
		C48382E3183DC98C00386899 /* Sources */ = {
			isa = PBXSourcesBuildPhase;
			buildActionMask = 2147483647;
			files = (
				C4838322183DD05400386899 /* StoryboardTutorialViewController2.m in Sources */,
				C4838301183DC98C00386899 /* StoryboardTutorialViewController.m in Sources */,
				C48382F7183DC98C00386899 /* main.m in Sources */,
				C48382FB183DC98C00386899 /* StoryboardTutorialAppDelegate.m in Sources */,
			);
			runOnlyForDeploymentPostprocessing = 0;
		};
		C4838304183DC98C00386899 /* Sources */ = {
			isa = PBXSourcesBuildPhase;
			buildActionMask = 2147483647;
			files = (
				C4838316183DC98C00386899 /* StoryboardTutorialTests.m in Sources */,
			);
			runOnlyForDeploymentPostprocessing = 0;
		};
/* End PBXSourcesBuildPhase section */

/* Begin PBXTargetDependency section */
		C483830E183DC98C00386899 /* PBXTargetDependency */ = {
			isa = PBXTargetDependency;
			target = C48382E6183DC98C00386899 /* StoryboardTutorial */;
			targetProxy = C483830D183DC98C00386899 /* PBXContainerItemProxy */;
		};
/* End PBXTargetDependency section */

/* Begin PBXVariantGroup section */
		C48382F3183DC98C00386899 /* InfoPlist.strings */ = {
			isa = PBXVariantGroup;
			children = (
				C48382F4183DC98C00386899 /* en */,
			);
			name = InfoPlist.strings;
			sourceTree = "<group>";
		};
		C48382FC183DC98C00386899 /* Main.storyboard */ = {
			isa = PBXVariantGroup;
			children = (
				C48382FD183DC98C00386899 /* Base */,
			);
			name = Main.storyboard;
			sourceTree = "<group>";
		};
		C4838312183DC98C00386899 /* InfoPlist.strings */ = {
			isa = PBXVariantGroup;
			children = (
				C4838313183DC98C00386899 /* en */,
			);
			name = InfoPlist.strings;
			sourceTree = "<group>";
		};
/* End PBXVariantGroup section */

/* Begin XCBuildConfiguration section */
		C4838317183DC98C00386899 /* Debug */ = {
			isa = XCBuildConfiguration;
			buildSettings = {
				ALWAYS_SEARCH_USER_PATHS = NO;
				ARCHS = "$(ARCHS_STANDARD_INCLUDING_64_BIT)";
				CLANG_CXX_LANGUAGE_STANDARD = "gnu++0x";
				CLANG_CXX_LIBRARY = "libc++";
				CLANG_ENABLE_MODULES = YES;
				CLANG_ENABLE_OBJC_ARC = YES;
				CLANG_WARN_BOOL_CONVERSION = YES;
				CLANG_WARN_CONSTANT_CONVERSION = YES;
				CLANG_WARN_DIRECT_OBJC_ISA_USAGE = YES_ERROR;
				CLANG_WARN_EMPTY_BODY = YES;
				CLANG_WARN_ENUM_CONVERSION = YES;
				CLANG_WARN_INT_CONVERSION = YES;
				CLANG_WARN_OBJC_ROOT_CLASS = YES_ERROR;
				CLANG_WARN__DUPLICATE_METHOD_MATCH = YES;
				"CODE_SIGN_IDENTITY[sdk=iphoneos*]" = "iPhone Developer";
				COPY_PHASE_STRIP = NO;
				GCC_C_LANGUAGE_STANDARD = gnu99;
				GCC_DYNAMIC_NO_PIC = NO;
				GCC_OPTIMIZATION_LEVEL = 0;
				GCC_PREPROCESSOR_DEFINITIONS = (
					"DEBUG=1",
					"$(inherited)",
				);
				GCC_SYMBOLS_PRIVATE_EXTERN = NO;
				GCC_WARN_64_TO_32_BIT_CONVERSION = YES;
				GCC_WARN_ABOUT_RETURN_TYPE = YES_ERROR;
				GCC_WARN_UNDECLARED_SELECTOR = YES;
				GCC_WARN_UNINITIALIZED_AUTOS = YES;
				GCC_WARN_UNUSED_FUNCTION = YES;
				GCC_WARN_UNUSED_VARIABLE = YES;
				IPHONEOS_DEPLOYMENT_TARGET = 7.0;
				ONLY_ACTIVE_ARCH = YES;
				SDKROOT = iphoneos;
			};
			name = Debug;
		};
		C4838318183DC98C00386899 /* Release */ = {
			isa = XCBuildConfiguration;
			buildSettings = {
				ALWAYS_SEARCH_USER_PATHS = NO;
				ARCHS = "$(ARCHS_STANDARD_INCLUDING_64_BIT)";
				CLANG_CXX_LANGUAGE_STANDARD = "gnu++0x";
				CLANG_CXX_LIBRARY = "libc++";
				CLANG_ENABLE_MODULES = YES;
				CLANG_ENABLE_OBJC_ARC = YES;
				CLANG_WARN_BOOL_CONVERSION = YES;
				CLANG_WARN_CONSTANT_CONVERSION = YES;
				CLANG_WARN_DIRECT_OBJC_ISA_USAGE = YES_ERROR;
				CLANG_WARN_EMPTY_BODY = YES;
				CLANG_WARN_ENUM_CONVERSION = YES;
				CLANG_WARN_INT_CONVERSION = YES;
				CLANG_WARN_OBJC_ROOT_CLASS = YES_ERROR;
				CLANG_WARN__DUPLICATE_METHOD_MATCH = YES;
				"CODE_SIGN_IDENTITY[sdk=iphoneos*]" = "iPhone Developer";
				COPY_PHASE_STRIP = YES;
				ENABLE_NS_ASSERTIONS = NO;
				GCC_C_LANGUAGE_STANDARD = gnu99;
				GCC_WARN_64_TO_32_BIT_CONVERSION = YES;
				GCC_WARN_ABOUT_RETURN_TYPE = YES_ERROR;
				GCC_WARN_UNDECLARED_SELECTOR = YES;
				GCC_WARN_UNINITIALIZED_AUTOS = YES;
				GCC_WARN_UNUSED_FUNCTION = YES;
				GCC_WARN_UNUSED_VARIABLE = YES;
				IPHONEOS_DEPLOYMENT_TARGET = 7.0;
				SDKROOT = iphoneos;
				VALIDATE_PRODUCT = YES;
			};
			name = Release;
		};
		C483831A183DC98C00386899 /* Debug */ = {
			isa = XCBuildConfiguration;
			buildSettings = {
				ASSETCATALOG_COMPILER_APPICON_NAME = AppIcon;
				ASSETCATALOG_COMPILER_LAUNCHIMAGE_NAME = LaunchImage;
				GCC_PRECOMPILE_PREFIX_HEADER = YES;
				GCC_PREFIX_HEADER = "StoryboardTutorial/StoryboardTutorial-Prefix.pch";
				INFOPLIST_FILE = "StoryboardTutorial/StoryboardTutorial-Info.plist";
				PRODUCT_NAME = "$(TARGET_NAME)";
				WRAPPER_EXTENSION = app;
			};
			name = Debug;
		};
		C483831B183DC98C00386899 /* Release */ = {
			isa = XCBuildConfiguration;
			buildSettings = {
				ASSETCATALOG_COMPILER_APPICON_NAME = AppIcon;
				ASSETCATALOG_COMPILER_LAUNCHIMAGE_NAME = LaunchImage;
				GCC_PRECOMPILE_PREFIX_HEADER = YES;
				GCC_PREFIX_HEADER = "StoryboardTutorial/StoryboardTutorial-Prefix.pch";
				INFOPLIST_FILE = "StoryboardTutorial/StoryboardTutorial-Info.plist";
				PRODUCT_NAME = "$(TARGET_NAME)";
				WRAPPER_EXTENSION = app;
			};
			name = Release;
		};
		C483831D183DC98C00386899 /* Debug */ = {
			isa = XCBuildConfiguration;
			buildSettings = {
				ARCHS = "$(ARCHS_STANDARD_INCLUDING_64_BIT)";
				BUNDLE_LOADER = "$(BUILT_PRODUCTS_DIR)/StoryboardTutorial.app/StoryboardTutorial";
				FRAMEWORK_SEARCH_PATHS = (
					"$(SDKROOT)/Developer/Library/Frameworks",
					"$(inherited)",
					"$(DEVELOPER_FRAMEWORKS_DIR)",
				);
				GCC_PRECOMPILE_PREFIX_HEADER = YES;
				GCC_PREFIX_HEADER = "StoryboardTutorial/StoryboardTutorial-Prefix.pch";
				GCC_PREPROCESSOR_DEFINITIONS = (
					"DEBUG=1",
					"$(inherited)",
				);
				INFOPLIST_FILE = "StoryboardTutorialTests/StoryboardTutorialTests-Info.plist";
				PRODUCT_NAME = "$(TARGET_NAME)";
				TEST_HOST = "$(BUNDLE_LOADER)";
				WRAPPER_EXTENSION = xctest;
			};
			name = Debug;
		};
		C483831E183DC98C00386899 /* Release */ = {
			isa = XCBuildConfiguration;
			buildSettings = {
				ARCHS = "$(ARCHS_STANDARD_INCLUDING_64_BIT)";
				BUNDLE_LOADER = "$(BUILT_PRODUCTS_DIR)/StoryboardTutorial.app/StoryboardTutorial";
				FRAMEWORK_SEARCH_PATHS = (
					"$(SDKROOT)/Developer/Library/Frameworks",
					"$(inherited)",
					"$(DEVELOPER_FRAMEWORKS_DIR)",
				);
				GCC_PRECOMPILE_PREFIX_HEADER = YES;
				GCC_PREFIX_HEADER = "StoryboardTutorial/StoryboardTutorial-Prefix.pch";
				INFOPLIST_FILE = "StoryboardTutorialTests/StoryboardTutorialTests-Info.plist";
				PRODUCT_NAME = "$(TARGET_NAME)";
				TEST_HOST = "$(BUNDLE_LOADER)";
				WRAPPER_EXTENSION = xctest;
			};
			name = Release;
		};
/* End XCBuildConfiguration section */

/* Begin XCConfigurationList section */
		C48382E2183DC98C00386899 /* Build configuration list for PBXProject "StoryboardTutorial" */ = {
			isa = XCConfigurationList;
			buildConfigurations = (
				C4838317183DC98C00386899 /* Debug */,
				C4838318183DC98C00386899 /* Release */,
			);
			defaultConfigurationIsVisible = 0;
			defaultConfigurationName = Release;
		};
		C4838319183DC98C00386899 /* Build configuration list for PBXNativeTarget "StoryboardTutorial" */ = {
			isa = XCConfigurationList;
			buildConfigurations = (
				C483831A183DC98C00386899 /* Debug */,
				C483831B183DC98C00386899 /* Release */,
			);
			defaultConfigurationIsVisible = 0;
		};
		C483831C183DC98C00386899 /* Build configuration list for PBXNativeTarget "StoryboardTutorialTests" */ = {
			isa = XCConfigurationList;
			buildConfigurations = (
				C483831D183DC98C00386899 /* Debug */,
				C483831E183DC98C00386899 /* Release */,
			);
			defaultConfigurationIsVisible = 0;
		};
/* End XCConfigurationList section */
	};
	rootObject = C48382DF183DC98C00386899 /* Project object */;
}
